
Microsoft Visual Studio Solution File, Format Version 10.00
# Visual C++ Express 2008
Project("{8BC9CEB8-8B4A-11D0-8D11-00A0C91BC942}") = "Fighting", "Fighting\Fighting.vcproj", "{93911DD6-39E9-449B-8ADD-FFE7253ED6E8}"
	ProjectSection(ProjectDependencies) = postProject
		{CDAEBC2C-47E7-47E5-843E-35443E35E0D4} = {CDAEBC2C-47E7-47E5-843E-35443E35E0D4}
		{E0CF097B-F22D-465B-A884-D89E55BD7ECD} = {E0CF097B-F22D-465B-A884-D89E55BD7ECD}
		{A151AA80-77FC-4A53-9510-71BD97494D26} = {A151AA80-77FC-4A53-9510-71BD97494D26}
		{12E21AB0-B5AF-4CA3-81AB-BD7CAB3D2227} = {12E21AB0-B5AF-4CA3-81AB-BD7CAB3D2227}
	EndProjectSection
EndProject
Project("{8BC9CEB8-8B4A-11D0-8D11-00A0C91BC942}") = "LibUtil", "..\LibUtil\LibUtil\LibUtil.vcproj", "{12E21AB0-B5AF-4CA3-81AB-BD7CAB3D2227}"
EndProject
Project("{8BC9CEB8-8B4A-11D0-8D11-00A0C91BC942}") = "LibGame", "..\LibGame\LibGame.vcproj", "{A151AA80-77FC-4A53-9510-71BD97494D26}"
	ProjectSection(ProjectDependencies) = postProject
		{12E21AB0-B5AF-4CA3-81AB-BD7CAB3D2227} = {12E21AB0-B5AF-4CA3-81AB-BD7CAB3D2227}
	EndProjectSection
EndProject
Project("{8BC9CEB8-8B4A-11D0-8D11-00A0C91BC942}") = "DXUTCore", "..\DXUT\Core\DXUTCore_2005.vcproj", "{E0CF097B-F22D-465B-A884-D89E55BD7ECD}"
EndProject
Project("{8BC9CEB8-8B4A-11D0-8D11-00A0C91BC942}") = "LibGameWin32", "..\LibGameWin32\LibGameWin32.vcproj", "{CDAEBC2C-47E7-47E5-843E-35443E35E0D4}"
	ProjectSection(ProjectDependencies) = postProject
		{E0CF097B-F22D-465B-A884-D89E55BD7ECD} = {E0CF097B-F22D-465B-A884-D89E55BD7ECD}
		{A151AA80-77FC-4A53-9510-71BD97494D26} = {A151AA80-77FC-4A53-9510-71BD97494D26}
	EndProjectSection
EndProject
Project("{8BC9CEB8-8B4A-11D0-8D11-00A0C91BC942}") = "Sandbox", "..\Sandbox\Sandbox.vcproj", "{911085DA-3672-44BD-9F11-542074451C92}"
EndProject
Global
	GlobalSection(SolutionConfigurationPlatforms) = preSolution
		Debug|Win32 = Debug|Win32
		Release|Win32 = Release|Win32
	EndGlobalSection
	GlobalSection(ProjectConfigurationPlatforms) = postSolution
		{93911DD6-39E9-449B-8ADD-FFE7253ED6E8}.Debug|Win32.ActiveCfg = Debug|Win32
		{93911DD6-39E9-449B-8ADD-FFE7253ED6E8}.Debug|Win32.Build.0 = Debug|Win32
		{93911DD6-39E9-449B-8ADD-FFE7253ED6E8}.Release|Win32.ActiveCfg = Release|Win32
		{93911DD6-39E9-449B-8ADD-FFE7253ED6E8}.Release|Win32.Build.0 = Release|Win32
		{12E21AB0-B5AF-4CA3-81AB-BD7CAB3D2227}.Debug|Win32.ActiveCfg = Debug|Win32
		{12E21AB0-B5AF-4CA3-81AB-BD7CAB3D2227}.Debug|Win32.Build.0 = Debug|Win32
		{12E21AB0-B5AF-4CA3-81AB-BD7CAB3D2227}.Release|Win32.ActiveCfg = Release|Win32
		{12E21AB0-B5AF-4CA3-81AB-BD7CAB3D2227}.Release|Win32.Build.0 = Release|Win32
		{A151AA80-77FC-4A53-9510-71BD97494D26}.Debug|Win32.ActiveCfg = Debug|Win32
		{A151AA80-77FC-4A53-9510-71BD97494D26}.Debug|Win32.Build.0 = Debug|Win32
		{A151AA80-77FC-4A53-9510-71BD97494D26}.Release|Win32.ActiveCfg = Release|Win32
		{A151AA80-77FC-4A53-9510-71BD97494D26}.Release|Win32.Build.0 = Release|Win32
		{E0CF097B-F22D-465B-A884-D89E55BD7ECD}.Debug|Win32.ActiveCfg = Debug|Win32
		{E0CF097B-F22D-465B-A884-D89E55BD7ECD}.Debug|Win32.Build.0 = Debug|Win32
		{E0CF097B-F22D-465B-A884-D89E55BD7ECD}.Release|Win32.ActiveCfg = Release|Win32
		{E0CF097B-F22D-465B-A884-D89E55BD7ECD}.Release|Win32.Build.0 = Release|Win32
		{CDAEBC2C-47E7-47E5-843E-35443E35E0D4}.Debug|Win32.ActiveCfg = Debug|Win32
		{CDAEBC2C-47E7-47E5-843E-35443E35E0D4}.Debug|Win32.Build.0 = Debug|Win32
		{CDAEBC2C-47E7-47E5-843E-35443E35E0D4}.Release|Win32.ActiveCfg = Release|Win32
		{CDAEBC2C-47E7-47E5-843E-35443E35E0D4}.Release|Win32.Build.0 = Release|Win32
		{911085DA-3672-44BD-9F11-542074451C92}.Debug|Win32.ActiveCfg = Debug|Win32
		{911085DA-3672-44BD-9F11-542074451C92}.Debug|Win32.Build.0 = Debug|Win32
		{911085DA-3672-44BD-9F11-542074451C92}.Release|Win32.ActiveCfg = Release|Win32
		{911085DA-3672-44BD-9F11-542074451C92}.Release|Win32.Build.0 = Release|Win32
	EndGlobalSection
	GlobalSection(SolutionProperties) = preSolution
		HideSolutionNode = FALSE
	EndGlobalSection
EndGlobal
